
Microsoft Visual Studio Solution File, Format Version 12.00
# Visual Studio Version 16
VisualStudioVersion = 16.0.29728.190
MinimumVisualStudioVersion = 10.0.40219.1
Project("{FAE04EC0-301F-11D3-BF4B-00C04F79EFBC}") = "NT_Lab1.UWP", "NT_Lab1\NT_Lab1.UWP\NT_Lab1.UWP.csproj", "{0494747D-D445-4EA8-B9B2-E34AFEA1EFFC}"
EndProject
Project("{FAE04EC0-301F-11D3-BF4B-00C04F79EFBC}") = "NT_Lab1.Android", "NT_Lab1\NT_Lab1.Android\NT_Lab1.Android.csproj", "{34347E96-B02F-49F3-BA35-3A26F3A87327}"
EndProject
Project("{FAE04EC0-301F-11D3-BF4B-00C04F79EFBC}") = "NT_Lab1.iOS", "NT_Lab1\NT_Lab1.iOS\NT_Lab1.iOS.csproj", "{7556D5C7-A153-4CF4-8492-C5C91CA173FE}"
EndProject
Project("{FAE04EC0-301F-11D3-BF4B-00C04F79EFBC}") = "NT_Lab1", "NT_Lab1\NT_Lab1\NT_Lab1.csproj", "{5D02EE99-EC62-4FF5-B11D-39FD239B3F0F}"
EndProject
Global
	GlobalSection(SolutionConfigurationPlatforms) = preSolution
		Debug|Any CPU = Debug|Any CPU
		Debug|ARM = Debug|ARM
		Debug|iPhone = Debug|iPhone
		Debug|iPhoneSimulator = Debug|iPhoneSimulator
		Debug|x64 = Debug|x64
		Debug|x86 = Debug|x86
		Release|Any CPU = Release|Any CPU
		Release|ARM = Release|ARM
		Release|iPhone = Release|iPhone
		Release|iPhoneSimulator = Release|iPhoneSimulator
		Release|x64 = Release|x64
		Release|x86 = Release|x86
	EndGlobalSection
	GlobalSection(ProjectConfigurationPlatforms) = postSolution
		{0494747D-D445-4EA8-B9B2-E34AFEA1EFFC}.Debug|Any CPU.ActiveCfg = Debug|x86
		{0494747D-D445-4EA8-B9B2-E34AFEA1EFFC}.Debug|Any CPU.Build.0 = Debug|x86
		{0494747D-D445-4EA8-B9B2-E34AFEA1EFFC}.Debug|Any CPU.Deploy.0 = Debug|x86
		{0494747D-D445-4EA8-B9B2-E34AFEA1EFFC}.Debug|ARM.ActiveCfg = Debug|ARM
		{0494747D-D445-4EA8-B9B2-E34AFEA1EFFC}.Debug|ARM.Build.0 = Debug|ARM
		{0494747D-D445-4EA8-B9B2-E34AFEA1EFFC}.Debug|ARM.Deploy.0 = Debug|ARM
		{0494747D-D445-4EA8-B9B2-E34AFEA1EFFC}.Debug|iPhone.ActiveCfg = Debug|x86
		{0494747D-D445-4EA8-B9B2-E34AFEA1EFFC}.Debug|iPhone.Build.0 = Debug|x86
		{0494747D-D445-4EA8-B9B2-E34AFEA1EFFC}.Debug|iPhone.Deploy.0 = Debug|x86
		{0494747D-D445-4EA8-B9B2-E34AFEA1EFFC}.Debug|iPhoneSimulator.ActiveCfg = Debug|x86
		{0494747D-D445-4EA8-B9B2-E34AFEA1EFFC}.Debug|iPhoneSimulator.Build.0 = Debug|x86
		{0494747D-D445-4EA8-B9B2-E34AFEA1EFFC}.Debug|iPhoneSimulator.Deploy.0 = Debug|x86
		{0494747D-D445-4EA8-B9B2-E34AFEA1EFFC}.Debug|x64.ActiveCfg = Debug|x64
		{0494747D-D445-4EA8-B9B2-E34AFEA1EFFC}.Debug|x64.Build.0 = Debug|x64
		{0494747D-D445-4EA8-B9B2-E34AFEA1EFFC}.Debug|x64.Deploy.0 = Debug|x64
		{0494747D-D445-4EA8-B9B2-E34AFEA1EFFC}.Debug|x86.ActiveCfg = Debug|x86
		{0494747D-D445-4EA8-B9B2-E34AFEA1EFFC}.Debug|x86.Build.0 = Debug|x86
		{0494747D-D445-4EA8-B9B2-E34AFEA1EFFC}.Debug|x86.Deploy.0 = Debug|x86
		{0494747D-D445-4EA8-B9B2-E34AFEA1EFFC}.Release|Any CPU.ActiveCfg = Release|x86
		{0494747D-D445-4EA8-B9B2-E34AFEA1EFFC}.Release|Any CPU.Build.0 = Release|x86
		{0494747D-D445-4EA8-B9B2-E34AFEA1EFFC}.Release|Any CPU.Deploy.0 = Release|x86
		{0494747D-D445-4EA8-B9B2-E34AFEA1EFFC}.Release|ARM.ActiveCfg = Release|ARM
		{0494747D-D445-4EA8-B9B2-E34AFEA1EFFC}.Release|ARM.Build.0 = Release|ARM
		{0494747D-D445-4EA8-B9B2-E34AFEA1EFFC}.Release|ARM.Deploy.0 = Release|ARM
		{0494747D-D445-4EA8-B9B2-E34AFEA1EFFC}.Release|iPhone.ActiveCfg = Release|x86
		{0494747D-D445-4EA8-B9B2-E34AFEA1EFFC}.Release|iPhone.Build.0 = Release|x86
		{0494747D-D445-4EA8-B9B2-E34AFEA1EFFC}.Release|iPhone.Deploy.0 = Release|x86
		{0494747D-D445-4EA8-B9B2-E34AFEA1EFFC}.Release|iPhoneSimulator.ActiveCfg = Release|x86
		{0494747D-D445-4EA8-B9B2-E34AFEA1EFFC}.Release|iPhoneSimulator.Build.0 = Release|x86
		{0494747D-D445-4EA8-B9B2-E34AFEA1EFFC}.Release|iPhoneSimulator.Deploy.0 = Release|x86
		{0494747D-D445-4EA8-B9B2-E34AFEA1EFFC}.Release|x64.ActiveCfg = Release|x64
		{0494747D-D445-4EA8-B9B2-E34AFEA1EFFC}.Release|x64.Build.0 = Release|x64
		{0494747D-D445-4EA8-B9B2-E34AFEA1EFFC}.Release|x64.Deploy.0 = Release|x64
		{0494747D-D445-4EA8-B9B2-E34AFEA1EFFC}.Release|x86.ActiveCfg = Release|x86
		{0494747D-D445-4EA8-B9B2-E34AFEA1EFFC}.Release|x86.Build.0 = Release|x86
		{0494747D-D445-4EA8-B9B2-E34AFEA1EFFC}.Release|x86.Deploy.0 = Release|x86
		{34347E96-B02F-49F3-BA35-3A26F3A87327}.Debug|Any CPU.ActiveCfg = Debug|Any CPU
		{34347E96-B02F-49F3-BA35-3A26F3A87327}.Debug|Any CPU.Build.0 = Debug|Any CPU
		{34347E96-B02F-49F3-BA35-3A26F3A87327}.Debug|Any CPU.Deploy.0 = Debug|Any CPU
		{34347E96-B02F-49F3-BA35-3A26F3A87327}.Debug|ARM.ActiveCfg = Debug|Any CPU
		{34347E96-B02F-49F3-BA35-3A26F3A87327}.Debug|ARM.Build.0 = Debug|Any CPU
		{34347E96-B02F-49F3-BA35-3A26F3A87327}.Debug|ARM.Deploy.0 = Debug|Any CPU
		{34347E96-B02F-49F3-BA35-3A26F3A87327}.Debug|iPhone.ActiveCfg = Debug|Any CPU
		{34347E96-B02F-49F3-BA35-3A26F3A87327}.Debug|iPhone.Build.0 = Debug|Any CPU
		{34347E96-B02F-49F3-BA35-3A26F3A87327}.Debug|iPhone.Deploy.0 = Debug|Any CPU
		{34347E96-B02F-49F3-BA35-3A26F3A87327}.Debug|iPhoneSimulator.ActiveCfg = Debug|Any CPU
		{34347E96-B02F-49F3-BA35-3A26F3A87327}.Debug|iPhoneSimulator.Build.0 = Debug|Any CPU
		{34347E96-B02F-49F3-BA35-3A26F3A87327}.Debug|iPhoneSimulator.Deploy.0 = Debug|Any CPU
		{34347E96-B02F-49F3-BA35-3A26F3A87327}.Debug|x64.ActiveCfg = Debug|Any CPU
		{34347E96-B02F-49F3-BA35-3A26F3A87327}.Debug|x64.Build.0 = Debug|Any CPU
		{34347E96-B02F-49F3-BA35-3A26F3A87327}.Debug|x64.Deploy.0 = Debug|Any CPU
		{34347E96-B02F-49F3-BA35-3A26F3A87327}.Debug|x86.ActiveCfg = Debug|Any CPU
		{34347E96-B02F-49F3-BA35-3A26F3A87327}.Debug|x86.Build.0 = Debug|Any CPU
		{34347E96-B02F-49F3-BA35-3A26F3A87327}.Debug|x86.Deploy.0 = Debug|Any CPU
		{34347E96-B02F-49F3-BA35-3A26F3A87327}.Release|Any CPU.ActiveCfg = Release|Any CPU
		{34347E96-B02F-49F3-BA35-3A26F3A87327}.Release|Any CPU.Build.0 = Release|Any CPU
		{34347E96-B02F-49F3-BA35-3A26F3A87327}.Release|Any CPU.Deploy.0 = Release|Any CPU
		{34347E96-B02F-49F3-BA35-3A26F3A87327}.Release|ARM.ActiveCfg = Release|Any CPU
		{34347E96-B02F-49F3-BA35-3A26F3A87327}.Release|ARM.Build.0 = Release|Any CPU
		{34347E96-B02F-49F3-BA35-3A26F3A87327}.Release|ARM.Deploy.0 = Release|Any CPU
		{34347E96-B02F-49F3-BA35-3A26F3A87327}.Release|iPhone.ActiveCfg = Release|Any CPU
		{34347E96-B02F-49F3-BA35-3A26F3A87327}.Release|iPhone.Build.0 = Release|Any CPU
		{34347E96-B02F-49F3-BA35-3A26F3A87327}.Release|iPhone.Deploy.0 = Release|Any CPU
		{34347E96-B02F-49F3-BA35-3A26F3A87327}.Release|iPhoneSimulator.ActiveCfg = Release|Any CPU
		{34347E96-B02F-49F3-BA35-3A26F3A87327}.Release|iPhoneSimulator.Build.0 = Release|Any CPU
		{34347E96-B02F-49F3-BA35-3A26F3A87327}.Release|iPhoneSimulator.Deploy.0 = Release|Any CPU
		{34347E96-B02F-49F3-BA35-3A26F3A87327}.Release|x64.ActiveCfg = Release|Any CPU
		{34347E96-B02F-49F3-BA35-3A26F3A87327}.Release|x64.Build.0 = Release|Any CPU
		{34347E96-B02F-49F3-BA35-3A26F3A87327}.Release|x64.Deploy.0 = Release|Any CPU
		{34347E96-B02F-49F3-BA35-3A26F3A87327}.Release|x86.ActiveCfg = Release|Any CPU
		{34347E96-B02F-49F3-BA35-3A26F3A87327}.Release|x86.Build.0 = Release|Any CPU
		{34347E96-B02F-49F3-BA35-3A26F3A87327}.Release|x86.Deploy.0 = Release|Any CPU
		{7556D5C7-A153-4CF4-8492-C5C91CA173FE}.Debug|Any CPU.ActiveCfg = Debug|iPhone
		{7556D5C7-A153-4CF4-8492-C5C91CA173FE}.Debug|Any CPU.Build.0 = Debug|iPhone
		{7556D5C7-A153-4CF4-8492-C5C91CA173FE}.Debug|Any CPU.Deploy.0 = Debug|iPhone
		{7556D5C7-A153-4CF4-8492-C5C91CA173FE}.Debug|ARM.ActiveCfg = Debug|iPhoneSimulator
		{7556D5C7-A153-4CF4-8492-C5C91CA173FE}.Debug|ARM.Build.0 = Debug|iPhoneSimulator
		{7556D5C7-A153-4CF4-8492-C5C91CA173FE}.Debug|ARM.Deploy.0 = Debug|iPhoneSimulator
		{7556D5C7-A153-4CF4-8492-C5C91CA173FE}.Debug|iPhone.ActiveCfg = Debug|iPhone
		{7556D5C7-A153-4CF4-8492-C5C91CA173FE}.Debug|iPhone.Build.0 = Debug|iPhone
		{7556D5C7-A153-4CF4-8492-C5C91CA173FE}.Debug|iPhone.Deploy.0 = Debug|iPhone
		{7556D5C7-A153-4CF4-8492-C5C91CA173FE}.Debug|iPhoneSimulator.ActiveCfg = Debug|iPhoneSimulator
		{7556D5C7-A153-4CF4-8492-C5C91CA173FE}.Debug|iPhoneSimulator.Build.0 = Debug|iPhoneSimulator
		{7556D5C7-A153-4CF4-8492-C5C91CA173FE}.Debug|iPhoneSimulator.Deploy.0 = Debug|iPhoneSimulator
		{7556D5C7-A153-4CF4-8492-C5C91CA173FE}.Debug|x64.ActiveCfg = Debug|iPhone
		{7556D5C7-A153-4CF4-8492-C5C91CA173FE}.Debug|x64.Build.0 = Debug|iPhone
		{7556D5C7-A153-4CF4-8492-C5C91CA173FE}.Debug|x64.Deploy.0 = Debug|iPhone
		{7556D5C7-A153-4CF4-8492-C5C91CA173FE}.Debug|x86.ActiveCfg = Debug|iPhone
		{7556D5C7-A153-4CF4-8492-C5C91CA173FE}.Debug|x86.Build.0 = Debug|iPhone
		{7556D5C7-A153-4CF4-8492-C5C91CA173FE}.Debug|x86.Deploy.0 = Debug|iPhone
		{7556D5C7-A153-4CF4-8492-C5C91CA173FE}.Release|Any CPU.ActiveCfg = Release|iPhone
		{7556D5C7-A153-4CF4-8492-C5C91CA173FE}.Release|Any CPU.Build.0 = Release|iPhone
		{7556D5C7-A153-4CF4-8492-C5C91CA173FE}.Release|Any CPU.Deploy.0 = Release|iPhone
		{7556D5C7-A153-4CF4-8492-C5C91CA173FE}.Release|ARM.ActiveCfg = Release|iPhone
		{7556D5C7-A153-4CF4-8492-C5C91CA173FE}.Release|ARM.Build.0 = Release|iPhone
		{7556D5C7-A153-4CF4-8492-C5C91CA173FE}.Release|ARM.Deploy.0 = Release|iPhone
		{7556D5C7-A153-4CF4-8492-C5C91CA173FE}.Release|iPhone.ActiveCfg = Release|iPhone
		{7556D5C7-A153-4CF4-8492-C5C91CA173FE}.Release|iPhone.Build.0 = Release|iPhone
		{7556D5C7-A153-4CF4-8492-C5C91CA173FE}.Release|iPhone.Deploy.0 = Release|iPhone
		{7556D5C7-A153-4CF4-8492-C5C91CA173FE}.Release|iPhoneSimulator.ActiveCfg = Release|iPhoneSimulator
		{7556D5C7-A153-4CF4-8492-C5C91CA173FE}.Release|iPhoneSimulator.Build.0 = Release|iPhoneSimulator
		{7556D5C7-A153-4CF4-8492-C5C91CA173FE}.Release|iPhoneSimulator.Deploy.0 = Release|iPhoneSimulator
		{7556D5C7-A153-4CF4-8492-C5C91CA173FE}.Release|x64.ActiveCfg = Release|iPhone
		{7556D5C7-A153-4CF4-8492-C5C91CA173FE}.Release|x64.Build.0 = Release|iPhone
		{7556D5C7-A153-4CF4-8492-C5C91CA173FE}.Release|x64.Deploy.0 = Release|iPhone
		{7556D5C7-A153-4CF4-8492-C5C91CA173FE}.Release|x86.ActiveCfg = Release|iPhone
		{7556D5C7-A153-4CF4-8492-C5C91CA173FE}.Release|x86.Build.0 = Release|iPhone
		{7556D5C7-A153-4CF4-8492-C5C91CA173FE}.Release|x86.Deploy.0 = Release|iPhone
		{5D02EE99-EC62-4FF5-B11D-39FD239B3F0F}.Debug|Any CPU.ActiveCfg = Debug|Any CPU
		{5D02EE99-EC62-4FF5-B11D-39FD239B3F0F}.Debug|Any CPU.Build.0 = Debug|Any CPU
		{5D02EE99-EC62-4FF5-B11D-39FD239B3F0F}.Debug|Any CPU.Deploy.0 = Debug|Any CPU
		{5D02EE99-EC62-4FF5-B11D-39FD239B3F0F}.Debug|ARM.ActiveCfg = Debug|Any CPU
		{5D02EE99-EC62-4FF5-B11D-39FD239B3F0F}.Debug|ARM.Build.0 = Debug|Any CPU
		{5D02EE99-EC62-4FF5-B11D-39FD239B3F0F}.Debug|ARM.Deploy.0 = Debug|Any CPU
		{5D02EE99-EC62-4FF5-B11D-39FD239B3F0F}.Debug|iPhone.ActiveCfg = Debug|Any CPU
		{5D02EE99-EC62-4FF5-B11D-39FD239B3F0F}.Debug|iPhone.Build.0 = Debug|Any CPU
		{5D02EE99-EC62-4FF5-B11D-39FD239B3F0F}.Debug|iPhone.Deploy.0 = Debug|Any CPU
		{5D02EE99-EC62-4FF5-B11D-39FD239B3F0F}.Debug|iPhoneSimulator.ActiveCfg = Debug|Any CPU
		{5D02EE99-EC62-4FF5-B11D-39FD239B3F0F}.Debug|iPhoneSimulator.Build.0 = Debug|Any CPU
		{5D02EE99-EC62-4FF5-B11D-39FD239B3F0F}.Debug|iPhoneSimulator.Deploy.0 = Debug|Any CPU
		{5D02EE99-EC62-4FF5-B11D-39FD239B3F0F}.Debug|x64.ActiveCfg = Debug|Any CPU
		{5D02EE99-EC62-4FF5-B11D-39FD239B3F0F}.Debug|x64.Build.0 = Debug|Any CPU
		{5D02EE99-EC62-4FF5-B11D-39FD239B3F0F}.Debug|x64.Deploy.0 = Debug|Any CPU
		{5D02EE99-EC62-4FF5-B11D-39FD239B3F0F}.Debug|x86.ActiveCfg = Debug|Any CPU
		{5D02EE99-EC62-4FF5-B11D-39FD239B3F0F}.Debug|x86.Build.0 = Debug|Any CPU
		{5D02EE99-EC62-4FF5-B11D-39FD239B3F0F}.Debug|x86.Deploy.0 = Debug|Any CPU
		{5D02EE99-EC62-4FF5-B11D-39FD239B3F0F}.Release|Any CPU.ActiveCfg = Release|Any CPU
		{5D02EE99-EC62-4FF5-B11D-39FD239B3F0F}.Release|Any CPU.Build.0 = Release|Any CPU
		{5D02EE99-EC62-4FF5-B11D-39FD239B3F0F}.Release|Any CPU.Deploy.0 = Release|Any CPU
		{5D02EE99-EC62-4FF5-B11D-39FD239B3F0F}.Release|ARM.ActiveCfg = Release|Any CPU
		{5D02EE99-EC62-4FF5-B11D-39FD239B3F0F}.Release|ARM.Build.0 = Release|Any CPU
		{5D02EE99-EC62-4FF5-B11D-39FD239B3F0F}.Release|ARM.Deploy.0 = Release|Any CPU
		{5D02EE99-EC62-4FF5-B11D-39FD239B3F0F}.Release|iPhone.ActiveCfg = Release|Any CPU
		{5D02EE99-EC62-4FF5-B11D-39FD239B3F0F}.Release|iPhone.Build.0 = Release|Any CPU
		{5D02EE99-EC62-4FF5-B11D-39FD239B3F0F}.Release|iPhone.Deploy.0 = Release|Any CPU
		{5D02EE99-EC62-4FF5-B11D-39FD239B3F0F}.Release|iPhoneSimulator.ActiveCfg = Release|Any CPU
		{5D02EE99-EC62-4FF5-B11D-39FD239B3F0F}.Release|iPhoneSimulator.Build.0 = Release|Any CPU
		{5D02EE99-EC62-4FF5-B11D-39FD239B3F0F}.Release|iPhoneSimulator.Deploy.0 = Release|Any CPU
		{5D02EE99-EC62-4FF5-B11D-39FD239B3F0F}.Release|x64.ActiveCfg = Release|Any CPU
		{5D02EE99-EC62-4FF5-B11D-39FD239B3F0F}.Release|x64.Build.0 = Release|Any CPU
		{5D02EE99-EC62-4FF5-B11D-39FD239B3F0F}.Release|x64.Deploy.0 = Release|Any CPU
		{5D02EE99-EC62-4FF5-B11D-39FD239B3F0F}.Release|x86.ActiveCfg = Release|Any CPU
		{5D02EE99-EC62-4FF5-B11D-39FD239B3F0F}.Release|x86.Build.0 = Release|Any CPU
		{5D02EE99-EC62-4FF5-B11D-39FD239B3F0F}.Release|x86.Deploy.0 = Release|Any CPU
	EndGlobalSection
	GlobalSection(SolutionProperties) = preSolution
		HideSolutionNode = FALSE
	EndGlobalSection
	GlobalSection(ExtensibilityGlobals) = postSolution
		SolutionGuid = {220B85C1-322D-4A00-AEF5-7724B10BE1BC}
	EndGlobalSection
EndGlobal
